<?xml version="1.0"?>
<CONFIG>
  <ProjectOptions>
    <Version Value="9"/>
    <PathDelim Value="\"/>
    <General>
      <MainUnit Value="0"/>
      <ResourceType Value="res"/>
      <UseXPManifest Value="True"/>
      <ActiveWindowIndexAtStart Value="0"/>
    </General>
    <i18n>
      <EnableI18N LFM="False"/>
    </i18n>
    <VersionInfo>
      <StringTable ProductVersion=""/>
    </VersionInfo>
    <BuildModes Count="1">
      <Item1 Name="default" Default="True"/>
    </BuildModes>
    <PublishOptions>
      <Version Value="2"/>
      <IncludeFileFilter Value="*.(pas|pp|inc|lfm|lpr|lrs|lpi|lpk|sh|xml)"/>
      <ExcludeFileFilter Value="*.(bak|ppu|ppw|o|so);*~;backup"/>
    </PublishOptions>
    <RunParams>
      <local>
        <FormatVersion Value="1"/>
      </local>
    </RunParams>
    <RequiredPackages Count="3">
      <Item1>
        <PackageName Value="GLS_SDL"/>
      </Item1>
      <Item2>
        <PackageName Value=" GLSceneLCL_RunTime"/>
      </Item2>
      <Item3>
        <PackageName Value="LCL"/>
      </Item3>
    </RequiredPackages>
    <Units Count="15">
      <Unit0>
        <Filename Value="basicsdl.lpr"/>
        <IsPartOfProject Value="True"/>
        <UsageCount Value="21"/>
        <DefaultSyntaxHighlighter Value="Delphi"/>
      </Unit0>
      <Unit1>
        <Filename Value="Unit1.pas"/>
        <IsPartOfProject Value="True"/>
        <ComponentName Value="DataModule1"/>
        <HasResources Value="True"/>
        <ResourceBaseClass Value="DataModule"/>
        <UnitName Value="Unit1"/>
        <EditorIndex Value="0"/>
        <WindowIndex Value="0"/>
        <TopLine Value="1"/>
        <CursorPos X="1" Y="1"/>
        <UsageCount Value="21"/>
        <Loaded Value="True"/>
        <LoadedDesigner Value="True"/>
        <DefaultSyntaxHighlighter Value="Delphi"/>
      </Unit1>
      <Unit2>
        <Filename Value="..\..\..\Source\ PersistentClasses.pas"/>
        <UnitName Value="PersistentClasses"/>
        <EditorIndex Value="1"/>
        <WindowIndex Value="0"/>
        <TopLine Value="131"/>
        <CursorPos X="68" Y="144"/>
        <UsageCount Value="10"/>
        <Loaded Value="True"/>
        <DefaultSyntaxHighlighter Value="Delphi"/>
      </Unit2>
      <Unit3>
        <Filename Value="..\..\..\Source\GLHeightData.pas"/>
        <UnitName Value="GLHeightData"/>
        <WindowIndex Value="0"/>
        <TopLine Value="763"/>
        <CursorPos X="5" Y="777"/>
        <UsageCount Value="10"/>
        <DefaultSyntaxHighlighter Value="Delphi"/>
      </Unit3>
      <Unit4>
        <Filename Value="C:\lazarus\fpc\2.5.1\source\rtl\objpas\classes\classesh.inc"/>
        <WindowIndex Value="0"/>
        <TopLine Value="1503"/>
        <CursorPos X="3" Y="1469"/>
        <UsageCount Value="10"/>
      </Unit4>
      <Unit5>
        <Filename Value="..\..\..\Source\GLScene.inc"/>
        <WindowIndex Value="0"/>
        <TopLine Value="175"/>
        <CursorPos X="1" Y="1"/>
        <UsageCount Value="10"/>
        <DefaultSyntaxHighlighter Value="Delphi"/>
      </Unit5>
      <Unit6>
        <Filename Value="..\..\..\Source\GLPerlin.pas"/>
        <UnitName Value="GLPerlin"/>
        <IsVisibleTab Value="True"/>
        <EditorIndex Value="5"/>
        <WindowIndex Value="0"/>
        <TopLine Value="684"/>
        <CursorPos X="5" Y="698"/>
        <UsageCount Value="10"/>
        <Loaded Value="True"/>
        <DefaultSyntaxHighlighter Value="Delphi"/>
      </Unit6>
      <Unit7>
        <Filename Value="..\..\..\Source\GLAsyncHDS.pas"/>
        <UnitName Value="GLAsyncHDS"/>
        <WindowIndex Value="0"/>
        <TopLine Value="167"/>
        <CursorPos X="29" Y="178"/>
        <UsageCount Value="10"/>
        <DefaultSyntaxHighlighter Value="Delphi"/>
      </Unit7>
      <Unit8>
        <Filename Value="..\..\..\Source\FileFormats\ZLIB\GLSZLibEx.pas"/>
        <UnitName Value="GLSZLibEx"/>
        <WindowIndex Value="0"/>
        <TopLine Value="1709"/>
        <CursorPos X="1" Y="1725"/>
        <UsageCount Value="10"/>
        <DefaultSyntaxHighlighter Value="Delphi"/>
      </Unit8>
      <Unit9>
        <Filename Value="..\..\..\Source\FileFormats\DDSImage.pas"/>
        <UnitName Value="DDSImage"/>
        <EditorIndex Value="2"/>
        <WindowIndex Value="0"/>
        <TopLine Value="97"/>
        <CursorPos X="50" Y="119"/>
        <UsageCount Value="10"/>
        <Loaded Value="True"/>
        <DefaultSyntaxHighlighter Value="Delphi"/>
      </Unit9>
      <Unit10>
        <Filename Value="..\..\..\Source\GLGraphics.pas"/>
        <UnitName Value="GLGraphics"/>
        <EditorIndex Value="3"/>
        <WindowIndex Value="0"/>
        <TopLine Value="3325"/>
        <CursorPos X="39" Y="3340"/>
        <UsageCount Value="10"/>
        <Loaded Value="True"/>
        <DefaultSyntaxHighlighter Value="Delphi"/>
      </Unit10>
      <Unit11>
        <Filename Value="..\..\..\Source\Platform\GLCrossPlatform.pas"/>
        <UnitName Value="GLCrossPlatform"/>
        <WindowIndex Value="0"/>
        <TopLine Value="678"/>
        <CursorPos X="1" Y="692"/>
        <UsageCount Value="10"/>
        <DefaultSyntaxHighlighter Value="Delphi"/>
      </Unit11>
      <Unit12>
        <Filename Value="C:\lazarus\lcl\graphics.pp"/>
        <UnitName Value="Graphics"/>
        <WindowIndex Value="0"/>
        <TopLine Value="1220"/>
        <CursorPos X="21" Y="1252"/>
        <UsageCount Value="10"/>
      </Unit12>
      <Unit13>
        <Filename Value="C:\lazarus\lcl\include\rasterimage.inc"/>
        <WindowIndex Value="0"/>
        <TopLine Value="466"/>
        <CursorPos X="16" Y="470"/>
        <UsageCount Value="10"/>
      </Unit13>
      <Unit14>
        <Filename Value="..\..\..\Source\GLState.pas"/>
        <UnitName Value="GLState"/>
        <EditorIndex Value="4"/>
        <WindowIndex Value="0"/>
        <TopLine Value="3426"/>
        <CursorPos X="21" Y="3445"/>
        <UsageCount Value="10"/>
        <Loaded Value="True"/>
        <DefaultSyntaxHighlighter Value="Delphi"/>
      </Unit14>
    </Units>
    <JumpHistory Count="7" HistoryIndex="6">
      <Position1>
        <Filename Value="..\..\..\Source\FileFormats\DDSImage.pas"/>
        <Caret Line="1" Column="1" TopLine="1"/>
      </Position1>
      <Position2>
        <Filename Value="..\..\..\Source\GLGraphics.pas"/>
        <Caret Line="1" Column="1" TopLine="1"/>
      </Position2>
      <Position3>
        <Filename Value="..\..\..\Source\GLGraphics.pas"/>
        <Caret Line="1388" Column="15" TopLine="1378"/>
      </Position3>
      <Position4>
        <Filename Value="..\..\..\Source\GLGraphics.pas"/>
        <Caret Line="1495" Column="61" TopLine="1477"/>
      </Position4>
      <Position5>
        <Filename Value="..\..\..\Source\GLGraphics.pas"/>
        <Caret Line="3344" Column="20" TopLine="3325"/>
      </Position5>
      <Position6>
        <Filename Value="..\..\..\Source\GLState.pas"/>
        <Caret Line="1" Column="1" TopLine="1"/>
      </Position6>
      <Position7>
        <Filename Value="..\..\..\Source\GLPerlin.pas"/>
        <Caret Line="695" Column="29" TopLine="684"/>
      </Position7>
    </JumpHistory>
  </ProjectOptions>
  <CompilerOptions>
    <Version Value="9"/>
    <PathDelim Value="\"/>
    <Target>
      <Filename Value="basicsdl"/>
    </Target>
    <SearchPaths>
      <UnitOutputDirectory Value="lib\$(TargetCPU)-$(TargetOS)"/>
      <SrcPath Value="$(LazarusDir)\lcl;$(LazarusDir)\lcl\interfaces\$(LCLWidgetType)"/>
    </SearchPaths>
    <Parsing>
      <SyntaxOptions>
        <SyntaxMode Value="Delphi"/>
      </SyntaxOptions>
    </Parsing>
    <Linking>
      <Debugging>
        <StripSymbols Value="True"/>
        <UseExternalDbgSyms Value="True"/>
      </Debugging>
      <Options>
        <Win32>
          <GraphicApplication Value="True"/>
        </Win32>
      </Options>
    </Linking>
    <Other>
      <CompilerMessages>
        <UseMsgFile Value="True"/>
      </CompilerMessages>
      <CompilerPath Value="$(CompPath)"/>
    </Other>
  </CompilerOptions>
  <Debugging>
    <Exceptions Count="3">
      <Item1>
        <Name Value="EAbort"/>
      </Item1>
      <Item2>
        <Name Value="ECodetoolError"/>
      </Item2>
      <Item3>
        <Name Value="EFOpenError"/>
      </Item3>
    </Exceptions>
  </Debugging>
</CONFIG>
