<?xml version="1.0" encoding="UTF-8"?>
<CONFIG>
  <ProjectOptions>
    <Version Value="9"/>
    <PathDelim Value="\"/>
    <General>
      <MainUnit Value="0"/>
      <UseXPManifest Value="True"/>
    </General>
    <i18n>
      <EnableI18N LFM="False"/>
    </i18n>
    <VersionInfo>
      <StringTable ProductVersion=""/>
    </VersionInfo>
    <BuildModes Count="1">
      <Item1 Name="default" Default="True"/>
    </BuildModes>
    <PublishOptions>
      <Version Value="2"/>
      <IncludeFileFilter Value="*.(pas|pp|inc|lfm|lpr|lrs|lpi|lpk|sh|xml)"/>
      <ExcludeFileFilter Value="*.(bak|ppu|ppw|o|so);*~;backup"/>
    </PublishOptions>
    <RunParams>
      <local>
        <FormatVersion Value="1"/>
        <LaunchingApplication PathPlusParams="\usr\bin\xterm -T 'Lazarus Run Output' -e $(LazarusDir)\tools\runwait.sh $(TargetCmdLine)"/>
      </local>
    </RunParams>
    <RequiredPackages Count="2">
      <Item1>
        <PackageName Value="GLScene_RunTime"/>
      </Item1>
      <Item2>
        <PackageName Value="LCL"/>
      </Item2>
    </RequiredPackages>
    <Units Count="33">
      <Unit0>
        <Filename Value="Transparency.lpr"/>
        <IsPartOfProject Value="True"/>
        <CursorPos X="54" Y="9"/>
        <UsageCount Value="25"/>
        <DefaultSyntaxHighlighter Value="Delphi"/>
      </Unit0>
      <Unit1>
        <Filename Value="Unit1.pas"/>
        <IsPartOfProject Value="True"/>
        <ComponentName Value="Form1"/>
        <HasResources Value="True"/>
        <ResourceBaseClass Value="Form"/>
        <IsVisibleTab Value="True"/>
        <TopLine Value="102"/>
        <CursorPos X="3" Y="35"/>
        <UsageCount Value="25"/>
        <Loaded Value="True"/>
        <DefaultSyntaxHighlighter Value="Delphi"/>
      </Unit1>
      <Unit2>
        <Filename Value="..\..\..\Source\ GLSLog.pas"/>
        <TopLine Value="452"/>
        <CursorPos Y="459"/>
        <UsageCount Value="11"/>
        <DefaultSyntaxHighlighter Value="Delphi"/>
      </Unit2>
      <Unit3>
        <Filename Value="..\..\..\Source\GLState.pas"/>
        <UsageCount Value="11"/>
      </Unit3>
      <Unit4>
        <Filename Value="..\..\..\Source\Experimental\GLShaderManager.pas"/>
        <TopLine Value="1371"/>
        <CursorPos X="38" Y="1385"/>
        <UsageCount Value="11"/>
        <DefaultSyntaxHighlighter Value="Delphi"/>
      </Unit4>
      <Unit5>
        <Filename Value="..\..\..\Source\Experimental\GLShaderEnvironment.pas"/>
        <TopLine Value="214"/>
        <CursorPos X="51" Y="233"/>
        <UsageCount Value="10"/>
        <DefaultSyntaxHighlighter Value="Delphi"/>
      </Unit5>
      <Unit6>
        <Filename Value="..\..\..\Source\Experimental\GL3xMaterial.pas"/>
        <TopLine Value="47"/>
        <CursorPos X="11" Y="61"/>
        <UsageCount Value="10"/>
        <DefaultSyntaxHighlighter Value="Delphi"/>
      </Unit6>
      <Unit7>
        <Filename Value="..\..\..\Source\DesignTime\GLSIDENotifierLCL.pas"/>
        <TopLine Value="64"/>
        <CursorPos X="38" Y="82"/>
        <UsageCount Value="10"/>
      </Unit7>
      <Unit8>
        <Filename Value="..\..\..\Source\Platform\GLCrossPlatform.pas"/>
        <TopLine Value="988"/>
        <UsageCount Value="10"/>
        <DefaultSyntaxHighlighter Value="Delphi"/>
      </Unit8>
      <Unit9>
        <Filename Value="..\..\..\Source\ GLBaseClasses.pas"/>
        <TopLine Value="69"/>
        <CursorPos X="3" Y="83"/>
        <UsageCount Value="10"/>
        <DefaultSyntaxHighlighter Value="Delphi"/>
      </Unit9>
      <Unit10>
        <Filename Value="..\..\..\Source\PropertyEditors\FRTextureEditLCL.pas"/>
        <TopLine Value="59"/>
        <CursorPos X="51" Y="78"/>
        <UsageCount Value="10"/>
        <DefaultSyntaxHighlighter Value="Delphi"/>
      </Unit10>
      <Unit11>
        <Filename Value="..\..\..\Source\PropertyEditors\InfoLCL.pas"/>
        <UsageCount Value="10"/>
        <DefaultSyntaxHighlighter Value="Delphi"/>
      </Unit11>
      <Unit12>
        <Filename Value="..\..\..\Source\Experimental\GL3xMaterialEditor.pas"/>
        <TopLine Value="759"/>
        <CursorPos Y="777"/>
        <UsageCount Value="10"/>
        <DefaultSyntaxHighlighter Value="Delphi"/>
      </Unit12>
      <Unit13>
        <Filename Value="..\..\..\Source\DesignTime\GLSceneRegisterLCL.pas"/>
        <TopLine Value="1491"/>
        <CursorPos X="5" Y="1516"/>
        <UsageCount Value="10"/>
      </Unit13>
      <Unit14>
        <Filename Value="..\..\..\Source\GLScene.pas"/>
        <TopLine Value="352"/>
        <CursorPos X="12" Y="353"/>
        <UsageCount Value="10"/>
        <Bookmarks Count="1">
          <Item0 Y="2502" ID="1"/>
        </Bookmarks>
      </Unit14>
      <Unit15>
        <Filename Value="..\..\..\Source\ GLCoordinates.pas"/>
        <TopLine Value="174"/>
        <CursorPos X="60" Y="188"/>
        <UsageCount Value="10"/>
        <DefaultSyntaxHighlighter Value="Delphi"/>
      </Unit15>
      <Unit16>
        <Filename Value="..\..\..\..\..\..\fpc\2.5.1\source\rtl\objpas\classes\classesh.inc"/>
        <TopLine Value="1594"/>
        <CursorPos X="15" Y="1608"/>
        <UsageCount Value="10"/>
        <DefaultSyntaxHighlighter Value="Delphi"/>
      </Unit16>
      <Unit17>
        <Filename Value="..\..\..\..\..\..\fpc\2.5.1\source\rtl\objpas\classes\compon.inc"/>
        <TopLine Value="225"/>
        <CursorPos X="3" Y="237"/>
        <UsageCount Value="10"/>
        <DefaultSyntaxHighlighter Value="Delphi"/>
      </Unit17>
      <Unit18>
        <Filename Value="..\..\..\..\..\..\lcl\controls.pp"/>
        <UnitName Value="Controls"/>
        <TopLine Value="182"/>
        <CursorPos X="5" Y="196"/>
        <UsageCount Value="10"/>
        <DefaultSyntaxHighlighter Value="Delphi"/>
      </Unit18>
      <Unit19>
        <Filename Value="..\..\..\Source\PropertyEditors\FMaterialEditorFormLCL.pas"/>
        <TopLine Value="212"/>
        <CursorPos X="20" Y="242"/>
        <UsageCount Value="10"/>
        <DefaultSyntaxHighlighter Value="Delphi"/>
      </Unit19>
      <Unit20>
        <Filename Value="..\..\..\Source\PropertyEditors\FMaterialEditorFormLCL.lrs"/>
        <CursorPos X="58" Y="3"/>
        <UsageCount Value="10"/>
        <DefaultSyntaxHighlighter Value="Delphi"/>
      </Unit20>
      <Unit21>
        <Filename Value="C:\share\fpcsrc\2.4.2\packages\fcl-process\src\process.pp"/>
        <UsageCount Value="10"/>
        <DefaultSyntaxHighlighter Value="Delphi"/>
      </Unit21>
      <Unit22>
        <Filename Value="..\..\..\Source\PhysicsAPIs\NewtonImport_JointLibrary.pas"/>
        <TopLine Value="62"/>
        <CursorPos Y="73"/>
        <UsageCount Value="10"/>
      </Unit22>
      <Unit23>
        <Filename Value="..\..\..\Source\GLContext.pas"/>
        <EditorIndex Value="-1"/>
        <WindowIndex Value="-1"/>
        <TopLine Value="4410"/>
        <CursorPos X="45" Y="4428"/>
        <UsageCount Value="11"/>
        <DefaultSyntaxHighlighter Value="Delphi"/>
      </Unit23>
      <Unit24>
        <Filename Value="..\..\..\Source\GLGraphics.pas"/>
        <TopLine Value="67"/>
        <CursorPos X="27" Y="87"/>
        <UsageCount Value="10"/>
      </Unit24>
      <Unit25>
        <Filename Value="..\..\..\Source\GLNGDManager.pas"/>
        <EditorIndex Value="-1"/>
        <TopLine Value="45"/>
        <CursorPos X="39" Y="71"/>
        <UsageCount Value="11"/>
        <DefaultSyntaxHighlighter Value="Delphi"/>
      </Unit25>
      <Unit26>
        <Filename Value="..\..\..\Source\PhysicsAPIs\NewtonImport.pas"/>
        <EditorIndex Value="-1"/>
        <TopLine Value="147"/>
        <CursorPos X="11" Y="177"/>
        <UsageCount Value="11"/>
        <DefaultSyntaxHighlighter Value="Delphi"/>
      </Unit26>
      <Unit27>
        <Filename Value="..\..\..\Source\GLScene.inc"/>
        <TopLine Value="497"/>
        <CursorPos X="47" Y="532"/>
        <UsageCount Value="10"/>
      </Unit27>
      <Unit28>
        <Filename Value="..\..\..\Source\PhysicsAPIs\delphinewton.inc"/>
        <TopLine Value="234"/>
        <CursorPos X="9" Y="234"/>
        <UsageCount Value="10"/>
      </Unit28>
      <Unit29>
        <Filename Value="C:\share\fpcsrc\2.4.2\rtl\unix\aliasptp.inc"/>
        <TopLine Value="24"/>
        <CursorPos X="5" Y="43"/>
        <UsageCount Value="10"/>
        <DefaultSyntaxHighlighter Value="Delphi"/>
      </Unit29>
      <Unit30>
        <Filename Value="C:\share\fpcsrc\2.4.2\rtl\unix\unix.pp"/>
        <UnitName Value="Unix"/>
        <UsageCount Value="10"/>
        <DefaultSyntaxHighlighter Value="Delphi"/>
      </Unit30>
      <Unit31>
        <Filename Value="..\..\..\..\..\lcl\interfaces\fpgui\fpguiint.pp"/>
        <EditorIndex Value="-1"/>
        <TopLine Value="23"/>
        <CursorPos X="12" Y="42"/>
        <UsageCount Value="10"/>
        <DefaultSyntaxHighlighter Value="Delphi"/>
      </Unit31>
      <Unit32>
        <Filename Value="..\..\..\..\..\lcl\interfaces\win32\win32int.pp"/>
        <UnitName Value="Win32Int"/>
        <TopLine Value="59"/>
        <CursorPos X="4" Y="78"/>
        <UsageCount Value="10"/>
        <DefaultSyntaxHighlighter Value="Delphi"/>
      </Unit32>
    </Units>
    <JumpHistory HistoryIndex="-1"/>
  </ProjectOptions>
  <CompilerOptions>
    <Version Value="11"/>
    <PathDelim Value="\"/>
    <Target>
      <Filename Value="dyncubemap"/>
    </Target>
    <SearchPaths>
      <UnitOutputDirectory Value="lib\$(TargetCPU)-$(TargetOS)"/>
      <SrcPath Value="$(LazarusDir)\lcl;$(LazarusDir)\lcl\interfaces\$(LCLWidgetType)"/>
    </SearchPaths>
    <Parsing>
      <SyntaxOptions>
        <SyntaxMode Value="Delphi"/>
      </SyntaxOptions>
    </Parsing>
    <Linking>
      <Debugging>
        <StripSymbols Value="True"/>
        <UseExternalDbgSyms Value="True"/>
      </Debugging>
      <Options>
        <Win32>
          <GraphicApplication Value="True"/>
        </Win32>
      </Options>
    </Linking>
  </CompilerOptions>
  <Debugging>
    <Exceptions Count="3">
      <Item1>
        <Name Value="EAbort"/>
      </Item1>
      <Item2>
        <Name Value="ECodetoolError"/>
      </Item2>
      <Item3>
        <Name Value="EFOpenError"/>
      </Item3>
    </Exceptions>
  </Debugging>
</CONFIG>
