<?xml version="1.0"?>
<CONFIG>
  <ProjectOptions>
    <Version Value="9"/>
    <PathDelim Value="\"/>
    <General>
      <Flags>
        <MainUnitHasUsesSectionForAllUnits Value="False"/>
        <MainUnitHasCreateFormStatements Value="False"/>
        <MainUnitHasTitleStatement Value="False"/>
      </Flags>
      <MainUnit Value="0"/>
      <ResourceType Value="res"/>
      <UseXPManifest Value="True"/>
      <ActiveWindowIndexAtStart Value="0"/>
    </General>
    <i18n>
      <EnableI18N LFM="False"/>
    </i18n>
    <VersionInfo>
      <StringTable ProductVersion=""/>
    </VersionInfo>
    <BuildModes Count="1" Active="Default">
      <Item1 Name="Default" Default="True"/>
    </BuildModes>
    <PublishOptions>
      <Version Value="2"/>
      <IncludeFileFilter Value="*.(pas|pp|inc|lfm|lpr|lrs|lpi|lpk|sh|xml)"/>
      <ExcludeFileFilter Value="*.(bak|ppu|o|so);*~;backup"/>
    </PublishOptions>
    <RunParams>
      <local>
        <FormatVersion Value="1"/>
      </local>
    </RunParams>
    <RequiredPackages Count="3">
      <Item1>
        <PackageName Value="GLS_NGD"/>
      </Item1>
      <Item2>
        <PackageName Value=" GLSceneLCL_RunTime"/>
      </Item2>
      <Item3>
        <PackageName Value="LCL"/>
      </Item3>
    </RequiredPackages>
    <Units Count="10">
      <Unit0>
        <Filename Value="NewtonWalkCarryShoot.lpr"/>
        <IsPartOfProject Value="True"/>
        <IsVisibleTab Value="True"/>
        <WindowIndex Value="0"/>
        <TopLine Value="1"/>
        <CursorPos X="26" Y="13"/>
        <UsageCount Value="21"/>
        <DefaultSyntaxHighlighter Value="Delphi"/>
      </Unit0>
      <Unit1>
        <Filename Value="Unit1.pas"/>
        <IsPartOfProject Value="True"/>
        <ComponentName Value="Form1"/>
        <HasResources Value="True"/>
        <ResourceBaseClass Value="Form"/>
        <UnitName Value="Unit1"/>
        <WindowIndex Value="0"/>
        <TopLine Value="1"/>
        <CursorPos X="66" Y="24"/>
        <UsageCount Value="21"/>
        <DefaultSyntaxHighlighter Value="Delphi"/>
      </Unit1>
      <Unit2>
        <Filename Value="..\..\..\Source\Platform\GLViewer.pas"/>
        <UnitName Value="GLViewer"/>
        <WindowIndex Value="0"/>
        <TopLine Value="56"/>
        <CursorPos X="11" Y="83"/>
        <UsageCount Value="10"/>
        <DefaultSyntaxHighlighter Value="Delphi"/>
      </Unit2>
      <Unit3>
        <Filename Value="..\..\..\Source\Platform\GLLCLViewer.pas"/>
        <UnitName Value="GLLCLViewer"/>
        <WindowIndex Value="0"/>
        <TopLine Value="537"/>
        <CursorPos X="48" Y="554"/>
        <UsageCount Value="10"/>
        <DefaultSyntaxHighlighter Value="Delphi"/>
      </Unit3>
      <Unit4>
        <Filename Value="..\..\..\Source\Platform\GLWin32Viewer.pas"/>
        <UnitName Value="GLWin32Viewer"/>
        <WindowIndex Value="0"/>
        <TopLine Value="576"/>
        <CursorPos X="40" Y="601"/>
        <UsageCount Value="10"/>
        <DefaultSyntaxHighlighter Value="Delphi"/>
      </Unit4>
      <Unit5>
        <Filename Value="..\..\..\..\..\lcl\lclintf.pas"/>
        <UnitName Value="LCLIntf"/>
        <WindowIndex Value="0"/>
        <TopLine Value="38"/>
        <CursorPos X="1" Y="1"/>
        <UsageCount Value="10"/>
      </Unit5>
      <Unit6>
        <Filename Value="..\..\..\..\..\lcl\include\control.inc"/>
        <WindowIndex Value="0"/>
        <TopLine Value="3174"/>
        <CursorPos X="1" Y="3189"/>
        <UsageCount Value="10"/>
      </Unit6>
      <Unit7>
        <Filename Value="..\..\..\Source\GLCadencer.pas"/>
        <UnitName Value="GLCadencer"/>
        <WindowIndex Value="0"/>
        <TopLine Value="786"/>
        <CursorPos X="1" Y="801"/>
        <UsageCount Value="10"/>
        <DefaultSyntaxHighlighter Value="Delphi"/>
      </Unit7>
      <Unit8>
        <Filename Value="..\..\..\Source\ GLApplicationFileIO.pas"/>
        <UnitName Value="GLApplicationFileIO"/>
        <WindowIndex Value="0"/>
        <TopLine Value="193"/>
        <CursorPos X="1" Y="208"/>
        <UsageCount Value="10"/>
        <DefaultSyntaxHighlighter Value="Delphi"/>
      </Unit8>
      <Unit9>
        <Filename Value="..\..\..\Source\GLNGDManager.pas"/>
        <UnitName Value="GLNGDManager"/>
        <WindowIndex Value="0"/>
        <TopLine Value="45"/>
        <CursorPos X="1" Y="68"/>
        <UsageCount Value="10"/>
        <DefaultSyntaxHighlighter Value="Delphi"/>
      </Unit9>
    </Units>
    <JumpHistory Count="0" HistoryIndex="-1"/>
  </ProjectOptions>
  <CompilerOptions>
    <Version Value="9"/>
    <PathDelim Value="\"/>
    <Parsing>
      <SyntaxOptions>
        <SyntaxMode Value="delphi"/>
      </SyntaxOptions>
    </Parsing>
    <Other>
      <CompilerPath Value="$(CompPath)"/>
    </Other>
  </CompilerOptions>
  <Debugging>
    <Exceptions Count="3">
      <Item1>
        <Name Value="EAbort"/>
      </Item1>
      <Item2>
        <Name Value="ECodetoolError"/>
      </Item2>
      <Item3>
        <Name Value="EFOpenError"/>
      </Item3>
    </Exceptions>
  </Debugging>
</CONFIG>
