<?xml version="1.0" encoding="UTF-8"?>
<CONFIG>
  <ProjectOptions>
    <Version Value="9"/>
    <PathDelim Value="\"/>
    <General>
      <MainUnit Value="0"/>
      <ResourceType Value="res"/>
      <UseXPManifest Value="True"/>
    </General>
    <VersionInfo>
      <Language Value=""/>
      <CharSet Value=""/>
      <StringTable ProductVersion=""/>
    </VersionInfo>
    <BuildModes Count="1">
      <Item1 Name="default" Default="True"/>
    </BuildModes>
    <PublishOptions>
      <Version Value="2"/>
      <IgnoreBinaries Value="False"/>
      <IncludeFileFilter Value="*.(pas|pp|inc|lfm|lpr|lrs|lpi|lpk|sh|xml)"/>
      <ExcludeFileFilter Value="*.(bak|ppu|ppw|o|so);*~;backup"/>
    </PublishOptions>
    <RunParams>
      <local>
        <FormatVersion Value="1"/>
        <LaunchingApplication PathPlusParams="\usr\X11R6\bin\xterm -T 'Lazarus Run Output' -e $(LazarusDir)\tools\runwait.sh $(TargetCmdLine)"/>
      </local>
    </RunParams>
    <RequiredPackages Count="2">
      <Item1>
        <PackageName Value="GLScene_RunTime"/>
      </Item1>
      <Item2>
        <PackageName Value="LCL"/>
      </Item2>
    </RequiredPackages>
    <Units Count="7">
      <Unit0>
        <Filename Value="diffusespecularshaderdemo.lpr"/>
        <IsPartOfProject Value="True"/>
        <CursorPos X="19" Y="8"/>
        <UsageCount Value="20"/>
        <Loaded Value="True"/>
        <LoadedDesigner Value="True"/>
      </Unit0>
      <Unit1>
        <Filename Value="umainform.pas"/>
        <ComponentName Value="GLSLTestForm"/>
        <HasResources Value="True"/>
        <ResourceBaseClass Value="Form"/>
        <IsVisibleTab Value="True"/>
        <EditorIndex Value="1"/>
        <TopLine Value="8"/>
        <CursorPos X="3" Y="24"/>
        <UsageCount Value="10"/>
        <Loaded Value="True"/>
        <LoadedDesigner Value="True"/>
      </Unit1>
      <Unit2>
        <Filename Value="..\..\..\Source\FileFormats\GLFile3DS.pas"/>
        <CursorPos X="49" Y="9"/>
        <SyntaxHighlighter Value="Delphi"/>
        <UsageCount Value="10"/>
        <DefaultSyntaxHighlighter Value="Text"/>
      </Unit2>
      <Unit3>
        <Filename Value="..\..\..\Source\ GLApplicationFileIO.pas"/>
        <TopLine Value="153"/>
        <CursorPos Y="173"/>
        <SyntaxHighlighter Value="Delphi"/>
        <UsageCount Value="10"/>
        <DefaultSyntaxHighlighter Value="Text"/>
      </Unit3>
      <Unit4>
        <Filename Value="..\..\..\Source\ OpenGL1x.pas"/>
        <TopLine Value="9349"/>
        <CursorPos Y="9369"/>
        <SyntaxHighlighter Value="Delphi"/>
        <UsageCount Value="10"/>
        <DefaultSyntaxHighlighter Value="Text"/>
      </Unit4>
      <Unit5>
        <Filename Value="..\..\..\Source\GLTexture.pas"/>
        <TopLine Value="1827"/>
        <CursorPos Y="1847"/>
        <SyntaxHighlighter Value="Delphi"/>
        <UsageCount Value="10"/>
        <DefaultSyntaxHighlighter Value="Text"/>
      </Unit5>
      <Unit6>
        <Filename Value="..\..\..\..\..\..\lcl\lresources.pp"/>
        <UnitName Value="LResources"/>
        <TopLine Value="1641"/>
        <CursorPos Y="1661"/>
        <UsageCount Value="10"/>
      </Unit6>
    </Units>
    <JumpHistory Count="30" HistoryIndex="29">
      <Position1>
        <Filename Value="umainform.pas"/>
        <Caret Line="96" Column="30" TopLine="70"/>
      </Position1>
      <Position2>
        <Filename Value="umainform.pas"/>
        <Caret Line="30" Column="3" TopLine="11"/>
      </Position2>
      <Position3>
        <Filename Value="umainform.pas"/>
        <Caret Line="24" Column="28" TopLine="5"/>
      </Position3>
      <Position4>
        <Filename Value="umainform.pas"/>
        <Caret Line="87" Column="12" TopLine="70"/>
      </Position4>
      <Position5>
        <Filename Value="umainform.pas"/>
        <Caret Line="25" Column="14" TopLine="6"/>
      </Position5>
      <Position6>
        <Filename Value="diffusespecularshaderdemo.lpr"/>
        <Caret Line="7" Column="6"/>
      </Position6>
      <Position7>
        <Filename Value="diffusespecularshaderdemo.lpr"/>
        <Caret Line="15"/>
      </Position7>
      <Position8>
        <Filename Value="diffusespecularshaderdemo.lpr"/>
        <Caret Line="7" Column="9"/>
      </Position8>
      <Position9>
        <Filename Value="umainform.pas"/>
        <Caret Line="111" Column="7" TopLine="85"/>
      </Position9>
      <Position10>
        <Filename Value="umainform.pas"/>
        <Caret Line="95" TopLine="85"/>
      </Position10>
      <Position11>
        <Filename Value="umainform.pas"/>
        <Caret Line="96" TopLine="85"/>
      </Position11>
      <Position12>
        <Filename Value="umainform.pas"/>
        <Caret Line="97" TopLine="85"/>
      </Position12>
      <Position13>
        <Filename Value="umainform.pas"/>
        <Caret Line="98" TopLine="85"/>
      </Position13>
      <Position14>
        <Filename Value="umainform.pas"/>
        <Caret Line="99" TopLine="85"/>
      </Position14>
      <Position15>
        <Filename Value="umainform.pas"/>
        <Caret Line="101" TopLine="85"/>
      </Position15>
      <Position16>
        <Filename Value="umainform.pas"/>
        <Caret Line="102" TopLine="85"/>
      </Position16>
      <Position17>
        <Filename Value="umainform.pas"/>
        <Caret Line="103" TopLine="85"/>
      </Position17>
      <Position18>
        <Filename Value="umainform.pas"/>
        <Caret Line="104" TopLine="85"/>
      </Position18>
      <Position19>
        <Filename Value="umainform.pas"/>
        <Caret Line="106" TopLine="85"/>
      </Position19>
      <Position20>
        <Filename Value="umainform.pas"/>
        <Caret Line="107" TopLine="85"/>
      </Position20>
      <Position21>
        <Filename Value="umainform.pas"/>
        <Caret Line="109" TopLine="85"/>
      </Position21>
      <Position22>
        <Filename Value="umainform.pas"/>
        <Caret Line="110" TopLine="85"/>
      </Position22>
      <Position23>
        <Filename Value="umainform.pas"/>
        <Caret Line="112" TopLine="85"/>
      </Position23>
      <Position24>
        <Filename Value="umainform.pas"/>
        <Caret Line="113" TopLine="85"/>
      </Position24>
      <Position25>
        <Filename Value="umainform.pas"/>
        <Caret Line="115" TopLine="85"/>
      </Position25>
      <Position26>
        <Filename Value="umainform.pas"/>
        <Caret Line="116" Column="86" TopLine="85"/>
      </Position26>
      <Position27>
        <Filename Value="umainform.pas"/>
        <Caret Line="115" TopLine="85"/>
      </Position27>
      <Position28>
        <Filename Value="umainform.pas"/>
        <Caret Line="116" TopLine="28"/>
      </Position28>
      <Position29>
        <Filename Value="umainform.pas"/>
        <Caret Line="91" Column="22" TopLine="70"/>
      </Position29>
      <Position30>
        <Filename Value="umainform.pas"/>
        <Caret Line="25" Column="30" TopLine="12"/>
      </Position30>
    </JumpHistory>
  </ProjectOptions>
  <CompilerOptions>
    <Version Value="11"/>
    <PathDelim Value="\"/>
  </CompilerOptions>
  <Debugging>
    <Exceptions Count="3">
      <Item1>
        <Name Value="EAbort"/>
      </Item1>
      <Item2>
        <Name Value="ECodetoolError"/>
      </Item2>
      <Item3>
        <Name Value="EFOpenError"/>
      </Item3>
    </Exceptions>
  </Debugging>
</CONFIG>
