<?xml version="1.0" encoding="UTF-8"?>
<CONFIG>
  <ProjectOptions>
    <Version Value="9"/>
    <PathDelim Value="\"/>
    <General>
      <MainUnit Value="0"/>
      <ResourceType Value="res"/>
      <UseXPManifest Value="True"/>
    </General>
    <VersionInfo>
      <Language Value=""/>
      <CharSet Value=""/>
      <StringTable ProductVersion=""/>
    </VersionInfo>
    <BuildModes Count="1">
      <Item1 Name="default" Default="True"/>
    </BuildModes>
    <PublishOptions>
      <Version Value="2"/>
      <IgnoreBinaries Value="False"/>
      <IncludeFileFilter Value="*.(pas|pp|inc|lfm|lpr|lrs|lpi|lpk|sh|xml)"/>
      <ExcludeFileFilter Value="*.(bak|ppu|ppw|o|so);*~;backup"/>
    </PublishOptions>
    <RunParams>
      <local>
        <FormatVersion Value="1"/>
        <LaunchingApplication PathPlusParams="\usr\X11R6\bin\xterm -T 'Lazarus Run Output' -e $(LazarusDir)\tools\runwait.sh $(TargetCmdLine)"/>
      </local>
    </RunParams>
    <RequiredPackages Count="2">
      <Item1>
        <PackageName Value="GLScene_RunTime"/>
      </Item1>
      <Item2>
        <PackageName Value="LCL"/>
      </Item2>
    </RequiredPackages>
    <Units Count="8">
      <Unit0>
        <Filename Value="glslcomponentdemo.lpr"/>
        <IsPartOfProject Value="True"/>
        <UnitName Value="GLSLComponentDemo"/>
        <CursorPos X="19" Y="8"/>
        <UsageCount Value="20"/>
        <Loaded Value="True"/>
        <LoadedDesigner Value="True"/>
      </Unit0>
      <Unit1>
        <Filename Value="umainform.pas"/>
        <ComponentName Value="GLSLTestForm"/>
        <HasResources Value="True"/>
        <ResourceBaseClass Value="Form"/>
        <IsVisibleTab Value="True"/>
        <EditorIndex Value="1"/>
        <TopLine Value="87"/>
        <CursorPos X="3" Y="102"/>
        <UsageCount Value="10"/>
        <Loaded Value="True"/>
        <LoadedDesigner Value="True"/>
      </Unit1>
      <Unit2>
        <Filename Value="..\..\..\Source\GLContext.pas"/>
        <TopLine Value="3155"/>
        <CursorPos Y="3174"/>
        <SyntaxHighlighter Value="Delphi"/>
        <UsageCount Value="10"/>
        <DefaultSyntaxHighlighter Value="Text"/>
      </Unit2>
      <Unit3>
        <Filename Value="..\..\..\..\..\..\lcl\lresources.pp"/>
        <UnitName Value="LResources"/>
        <TopLine Value="1647"/>
        <CursorPos Y="1661"/>
        <UsageCount Value="10"/>
      </Unit3>
      <Unit4>
        <Filename Value="..\..\..\Source\ GLApplicationFileIO.pas"/>
        <TopLine Value="187"/>
        <CursorPos X="40" Y="215"/>
        <UsageCount Value="10"/>
        <DefaultSyntaxHighlighter Value="Delphi"/>
      </Unit4>
      <Unit5>
        <Filename Value="..\..\..\..\Source\GLTexture.pas"/>
        <EditorIndex Value="4"/>
        <TopLine Value="1855"/>
        <CursorPos X="38" Y="1855"/>
        <UsageCount Value="10"/>
        <Loaded Value="True"/>
        <DefaultSyntaxHighlighter Value="Delphi"/>
      </Unit5>
      <Unit6>
        <Filename Value="..\..\..\..\Source\Basis\GLVectorFileObjects.pas"/>
        <EditorIndex Value="3"/>
        <TopLine Value="9199"/>
        <CursorPos X="23" Y="9226"/>
        <UsageCount Value="10"/>
        <Loaded Value="True"/>
        <DefaultSyntaxHighlighter Value="Delphi"/>
      </Unit6>
      <Unit7>
        <Filename Value="..\..\..\..\Source\GLUtils.pas"/>
        <EditorIndex Value="2"/>
        <TopLine Value="694"/>
        <CursorPos X="11" Y="114"/>
        <UsageCount Value="10"/>
        <Loaded Value="True"/>
        <DefaultSyntaxHighlighter Value="Delphi"/>
      </Unit7>
    </Units>
    <JumpHistory Count="30" HistoryIndex="29">
      <Position1>
        <Filename Value="..\..\..\..\Source\GLTexture.pas"/>
        <Caret Line="613" Column="23" TopLine="587"/>
      </Position1>
      <Position2>
        <Filename Value="..\..\..\..\Source\GLTexture.pas"/>
        <Caret Line="1154" Column="26" TopLine="1128"/>
      </Position2>
      <Position3>
        <Filename Value="..\..\..\..\Source\GLTexture.pas"/>
        <Caret Line="1172" Column="31" TopLine="1163"/>
      </Position3>
      <Position4>
        <Filename Value="..\..\..\..\Source\GLTexture.pas"/>
        <Caret Line="1334" Column="35" TopLine="1307"/>
      </Position4>
      <Position5>
        <Filename Value="..\..\..\..\Source\GLTexture.pas"/>
        <Caret Line="1554" Column="33" TopLine="1554"/>
      </Position5>
      <Position6>
        <Filename Value="..\..\..\..\Source\GLTexture.pas"/>
        <Caret Line="1566" Column="18" TopLine="1554"/>
      </Position6>
      <Position7>
        <Filename Value="umainform.pas"/>
        <Caret Line="21" Column="3" TopLine="89"/>
      </Position7>
      <Position8>
        <Filename Value="..\..\..\..\Source\Basis\GLVectorFileObjects.pas"/>
        <Caret Line="1464" Column="23" TopLine="1450"/>
      </Position8>
      <Position9>
        <Filename Value="..\..\..\..\Source\Basis\GLVectorFileObjects.pas"/>
        <Caret Line="1466" Column="20" TopLine="1450"/>
      </Position9>
      <Position10>
        <Filename Value="..\..\..\..\Source\Basis\GLVectorFileObjects.pas"/>
        <Caret Line="1469" Column="23" TopLine="1450"/>
      </Position10>
      <Position11>
        <Filename Value="..\..\..\..\Source\Basis\GLVectorFileObjects.pas"/>
        <Caret Line="1546" Column="69" TopLine="1519"/>
      </Position11>
      <Position12>
        <Filename Value="..\..\..\..\Source\Basis\GLVectorFileObjects.pas"/>
        <Caret Line="1704" Column="23" TopLine="1677"/>
      </Position12>
      <Position13>
        <Filename Value="..\..\..\..\Source\Basis\GLVectorFileObjects.pas"/>
        <Caret Line="1706" Column="23" TopLine="1679"/>
      </Position13>
      <Position14>
        <Filename Value="..\..\..\..\Source\Basis\GLVectorFileObjects.pas"/>
        <Caret Line="1846" Column="23" TopLine="1820"/>
      </Position14>
      <Position15>
        <Filename Value="..\..\..\..\Source\Basis\GLVectorFileObjects.pas"/>
        <Caret Line="7320" Column="12" TopLine="7293"/>
      </Position15>
      <Position16>
        <Filename Value="..\..\..\..\Source\Basis\GLVectorFileObjects.pas"/>
        <Caret Line="7323" Column="37" TopLine="7296"/>
      </Position16>
      <Position17>
        <Filename Value="..\..\..\..\Source\Basis\GLVectorFileObjects.pas"/>
        <Caret Line="7325" Column="29" TopLine="7298"/>
      </Position17>
      <Position18>
        <Filename Value="..\..\..\..\Source\Basis\GLVectorFileObjects.pas"/>
        <Caret Line="7399" Column="31" TopLine="7435"/>
      </Position18>
      <Position19>
        <Filename Value="..\..\..\..\Source\Basis\GLVectorFileObjects.pas"/>
        <Caret Line="7408" Column="15" TopLine="7392"/>
      </Position19>
      <Position20>
        <Filename Value="..\..\..\..\Source\Basis\GLVectorFileObjects.pas"/>
        <Caret Line="7416" Column="12" TopLine="7392"/>
      </Position20>
      <Position21>
        <Filename Value="..\..\..\..\Source\Basis\GLVectorFileObjects.pas"/>
        <Caret Line="7419" Column="31" TopLine="7392"/>
      </Position21>
      <Position22>
        <Filename Value="..\..\..\..\Source\Basis\GLVectorFileObjects.pas"/>
        <Caret Line="7437" Column="31" TopLine="7410"/>
      </Position22>
      <Position23>
        <Filename Value="..\..\..\..\Source\Basis\GLVectorFileObjects.pas"/>
        <Caret Line="7528" Column="29" TopLine="7501"/>
      </Position23>
      <Position24>
        <Filename Value="..\..\..\..\Source\Basis\GLVectorFileObjects.pas"/>
        <Caret Line="8579" Column="12" TopLine="8552"/>
      </Position24>
      <Position25>
        <Filename Value="..\..\..\..\Source\Basis\GLVectorFileObjects.pas"/>
        <Caret Line="8582" Column="36" TopLine="8555"/>
      </Position25>
      <Position26>
        <Filename Value="..\..\..\..\Source\Basis\GLVectorFileObjects.pas"/>
        <Caret Line="8612" Column="36" TopLine="8591"/>
      </Position26>
      <Position27>
        <Filename Value="..\..\..\..\Source\Basis\GLVectorFileObjects.pas"/>
        <Caret Line="8618" Column="13" TopLine="8591"/>
      </Position27>
      <Position28>
        <Filename Value="..\..\..\..\Source\Basis\GLVectorFileObjects.pas"/>
        <Caret Line="9218" Column="12" TopLine="9191"/>
      </Position28>
      <Position29>
        <Filename Value="..\..\..\..\Source\Basis\GLVectorFileObjects.pas"/>
        <Caret Line="9221" Column="28" TopLine="9194"/>
      </Position29>
      <Position30>
        <Filename Value="umainform.pas"/>
        <Caret Line="21" Column="3" TopLine="65"/>
      </Position30>
    </JumpHistory>
  </ProjectOptions>
  <CompilerOptions>
    <Version Value="11"/>
    <PathDelim Value="\"/>
  </CompilerOptions>
  <Debugging>
    <Exceptions Count="3">
      <Item1>
        <Name Value="EAbort"/>
      </Item1>
      <Item2>
        <Name Value="ECodetoolError"/>
      </Item2>
      <Item3>
        <Name Value="EFOpenError"/>
      </Item3>
    </Exceptions>
  </Debugging>
</CONFIG>
