<?xml version="1.0"?>
<CONFIG>
  <ProjectOptions>
    <Version Value="9"/>
    <PathDelim Value="\"/>
    <General>
      <Flags>
        <MainUnitHasUsesSectionForAllUnits Value="False"/>
        <MainUnitHasCreateFormStatements Value="False"/>
        <MainUnitHasTitleStatement Value="False"/>
      </Flags>
      <MainUnit Value="0"/>
      <ResourceType Value="res"/>
      <UseXPManifest Value="True"/>
      <ActiveWindowIndexAtStart Value="0"/>
    </General>
    <i18n>
      <EnableI18N LFM="False"/>
    </i18n>
    <VersionInfo>
      <StringTable ProductVersion=""/>
    </VersionInfo>
    <BuildModes Count="1" Active="Default">
      <Item1 Name="Default" Default="True"/>
    </BuildModes>
    <PublishOptions>
      <Version Value="2"/>
      <IncludeFileFilter Value="*.(pas|pp|inc|lfm|lpr|lrs|lpi|lpk|sh|xml)"/>
      <ExcludeFileFilter Value="*.(bak|ppu|o|so);*~;backup"/>
    </PublishOptions>
    <RunParams>
      <local>
        <FormatVersion Value="1"/>
        <LaunchingApplication PathPlusParams="\usr\bin\xterm -T 'Lazarus Run Output' -e $(LazarusDir)\tools\runwait.sh $(TargetCmdLine)"/>
      </local>
    </RunParams>
    <RequiredPackages Count="2">
      <Item1>
        <PackageName Value=" GLSceneLCL_RunTime"/>
      </Item1>
      <Item2>
        <PackageName Value="LCL"/>
      </Item2>
    </RequiredPackages>
    <Units Count="8">
      <Unit0>
        <Filename Value="oit.lpr"/>
        <IsPartOfProject Value="True"/>
        <EditorIndex Value="0"/>
        <WindowIndex Value="0"/>
        <TopLine Value="1"/>
        <CursorPos X="6" Y="10"/>
        <UsageCount Value="21"/>
        <Loaded Value="True"/>
        <DefaultSyntaxHighlighter Value="Delphi"/>
      </Unit0>
      <Unit1>
        <Filename Value="uDemo.pas"/>
        <IsPartOfProject Value="True"/>
        <ComponentName Value="Form1"/>
        <HasResources Value="True"/>
        <ResourceBaseClass Value="Form"/>
        <UnitName Value="uDemo"/>
        <IsVisibleTab Value="True"/>
        <EditorIndex Value="1"/>
        <WindowIndex Value="0"/>
        <TopLine Value="76"/>
        <CursorPos X="55" Y="99"/>
        <UsageCount Value="21"/>
        <Loaded Value="True"/>
        <LoadedDesigner Value="True"/>
        <DefaultSyntaxHighlighter Value="Delphi"/>
      </Unit1>
      <Unit2>
        <Filename Value="..\..\..\Source\FileFormats\GLFileJPEG.pas"/>
        <UnitName Value="GLFileJPEG"/>
        <WindowIndex Value="0"/>
        <TopLine Value="103"/>
        <CursorPos X="1" Y="123"/>
        <UsageCount Value="10"/>
        <DefaultSyntaxHighlighter Value="Delphi"/>
      </Unit2>
      <Unit3>
        <Filename Value="..\..\..\Source\Platform\GLKeyboard.pas"/>
        <UnitName Value="GLKeyboard"/>
        <WindowIndex Value="0"/>
        <TopLine Value="134"/>
        <CursorPos X="1" Y="155"/>
        <UsageCount Value="10"/>
        <DefaultSyntaxHighlighter Value="Delphi"/>
      </Unit3>
      <Unit4>
        <Filename Value="..\..\..\..\..\lcl\include\winapih.inc"/>
        <WindowIndex Value="0"/>
        <TopLine Value="121"/>
        <CursorPos X="21" Y="134"/>
        <UsageCount Value="10"/>
        <DefaultSyntaxHighlighter Value="Delphi"/>
      </Unit4>
      <Unit5>
        <Filename Value="..\..\..\..\..\lcl\include\intfbasewinapi.inc"/>
        <WindowIndex Value="0"/>
        <TopLine Value="986"/>
        <CursorPos X="3" Y="1000"/>
        <UsageCount Value="10"/>
        <DefaultSyntaxHighlighter Value="Delphi"/>
      </Unit5>
      <Unit6>
        <Filename Value="..\..\..\..\..\lcl\include\winapi.inc"/>
        <WindowIndex Value="0"/>
        <TopLine Value="399"/>
        <CursorPos X="1" Y="419"/>
        <UsageCount Value="10"/>
        <DefaultSyntaxHighlighter Value="Delphi"/>
      </Unit6>
      <Unit7>
        <Filename Value="..\..\..\..\..\lcl\interfaces\gtk2\gtk2winapi.inc"/>
        <WindowIndex Value="0"/>
        <TopLine Value="4516"/>
        <CursorPos X="1" Y="4574"/>
        <UsageCount Value="10"/>
        <DefaultSyntaxHighlighter Value="Delphi"/>
      </Unit7>
    </Units>
    <JumpHistory Count="9" HistoryIndex="8">
      <Position1>
        <Filename Value="oit.lpr"/>
        <Caret Line="10" Column="6" TopLine="1"/>
      </Position1>
      <Position2>
        <Filename Value="uDemo.pas"/>
        <Caret Line="62" Column="19" TopLine="49"/>
      </Position2>
      <Position3>
        <Filename Value="uDemo.pas"/>
        <Caret Line="13" Column="30" TopLine="7"/>
      </Position3>
      <Position4>
        <Filename Value="uDemo.pas"/>
        <Caret Line="63" Column="52" TopLine="44"/>
      </Position4>
      <Position5>
        <Filename Value="uDemo.pas"/>
        <Caret Line="203" Column="13" TopLine="188"/>
      </Position5>
      <Position6>
        <Filename Value="uDemo.pas"/>
        <Caret Line="203" Column="1" TopLine="188"/>
      </Position6>
      <Position7>
        <Filename Value="uDemo.pas"/>
        <Caret Line="70" Column="22" TopLine="46"/>
      </Position7>
      <Position8>
        <Filename Value="uDemo.pas"/>
        <Caret Line="99" Column="59" TopLine="93"/>
      </Position8>
      <Position9>
        <Filename Value="uDemo.pas"/>
        <Caret Line="95" Column="21" TopLine="76"/>
      </Position9>
    </JumpHistory>
  </ProjectOptions>
  <CompilerOptions>
    <Version Value="11"/>
    <PathDelim Value="\"/>
    <Parsing>
      <SyntaxOptions>
        <SyntaxMode Value="delphi"/>
      </SyntaxOptions>
    </Parsing>
    <Other>
      <CompilerPath Value="$(CompPath)"/>
    </Other>
  </CompilerOptions>
  <Debugging>
    <Exceptions Count="3">
      <Item1>
        <Name Value="EAbort"/>
      </Item1>
      <Item2>
        <Name Value="ECodetoolError"/>
      </Item2>
      <Item3>
        <Name Value="EFOpenError"/>
      </Item3>
    </Exceptions>
  </Debugging>
</CONFIG>
